// !$*UTF8*$!
{
	archiveVersion = 1;
	classes = {
	};
	objectVersion = 50;
	objects = {

/* Begin PBXBuildFile section */
		28901E05FA3F9D8238FFFC00 /* Pods_BGRecordingTestApp.framework in Frameworks */ = {isa = PBXBuildFile; fileRef = D9F9C46BBE61386985F4CAE5 /* Pods_BGRecordingTestApp.framework */; };
		BE5F4A9720849F5400E1CAB5 /* AppDelegate.swift in Sources */ = {isa = PBXBuildFile; fileRef = BE5F4A9620849F5400E1CAB5 /* AppDelegate.swift */; };
		BE5F4A9920849F5400E1CAB5 /* ViewController.swift in Sources */ = {isa = PBXBuildFile; fileRef = BE5F4A9820849F5400E1CAB5 /* ViewController.swift */; };
		BE5F4A9C20849F5400E1CAB5 /* Main.storyboard in Resources */ = {isa = PBXBuildFile; fileRef = BE5F4A9A20849F5400E1CAB5 /* Main.storyboard */; };
		BE5F4A9E20849F5600E1CAB5 /* Assets.xcassets in Resources */ = {isa = PBXBuildFile; fileRef = BE5F4A9D20849F5600E1CAB5 /* Assets.xcassets */; };
		BE5F4AA120849F5600E1CAB5 /* LaunchScreen.storyboard in Resources */ = {isa = PBXBuildFile; fileRef = BE5F4A9F20849F5600E1CAB5 /* LaunchScreen.storyboard */; };
		BE6D139F20852F7500C9A6D4 /* PlayerAndRecorderViewModel.swift in Sources */ = {isa = PBXBuildFile; fileRef = BE6D139E20852F7500C9A6D4 /* PlayerAndRecorderViewModel.swift */; };
		BE6D13BD20852F9B00C9A6D4 /* SoundWave+Helpers.swift in Sources */ = {isa = PBXBuildFile; fileRef = BE6D13B920852F9B00C9A6D4 /* SoundWave+Helpers.swift */; };
		BE6D13BE20852F9B00C9A6D4 /* AudioErrorType.swift in Sources */ = {isa = PBXBuildFile; fileRef = BE6D13BA20852F9B00C9A6D4 /* AudioErrorType.swift */; };
		BE6D13BF20852F9B00C9A6D4 /* AudioPlayerManager.swift in Sources */ = {isa = PBXBuildFile; fileRef = BE6D13BB20852F9B00C9A6D4 /* AudioPlayerManager.swift */; };
		BE6D13C020852F9B00C9A6D4 /* AudioRecorderManager.swift in Sources */ = {isa = PBXBuildFile; fileRef = BE6D13BC20852F9B00C9A6D4 /* AudioRecorderManager.swift */; };
		BEA985722084CB570033F4DE /* recordingsTableView.swift in Sources */ = {isa = PBXBuildFile; fileRef = BEA985702084CB570033F4DE /* recordingsTableView.swift */; };
		BEA985732084CB570033F4DE /* recordingsTableView.xib in Resources */ = {isa = PBXBuildFile; fileRef = BEA985712084CB570033F4DE /* recordingsTableView.xib */; };
		BEA985752084D4980033F4DE /* Constants.swift in Sources */ = {isa = PBXBuildFile; fileRef = BEA985742084D4980033F4DE /* Constants.swift */; };
/* End PBXBuildFile section */

/* Begin PBXFileReference section */
		BE5F4A9320849F5400E1CAB5 /* BGRecordingTestApp.app */ = {isa = PBXFileReference; explicitFileType = wrapper.application; includeInIndex = 0; path = BGRecordingTestApp.app; sourceTree = BUILT_PRODUCTS_DIR; };
		BE5F4A9620849F5400E1CAB5 /* AppDelegate.swift */ = {isa = PBXFileReference; lastKnownFileType = sourcecode.swift; path = AppDelegate.swift; sourceTree = "<group>"; };
		BE5F4A9820849F5400E1CAB5 /* ViewController.swift */ = {isa = PBXFileReference; lastKnownFileType = sourcecode.swift; path = ViewController.swift; sourceTree = "<group>"; };
		BE5F4A9B20849F5400E1CAB5 /* Base */ = {isa = PBXFileReference; lastKnownFileType = file.storyboard; name = Base; path = Base.lproj/Main.storyboard; sourceTree = "<group>"; };
		BE5F4A9D20849F5600E1CAB5 /* Assets.xcassets */ = {isa = PBXFileReference; lastKnownFileType = folder.assetcatalog; path = Assets.xcassets; sourceTree = "<group>"; };
		BE5F4AA020849F5600E1CAB5 /* Base */ = {isa = PBXFileReference; lastKnownFileType = file.storyboard; name = Base; path = Base.lproj/LaunchScreen.storyboard; sourceTree = "<group>"; };
		BE5F4AA220849F5600E1CAB5 /* Info.plist */ = {isa = PBXFileReference; lastKnownFileType = text.plist.xml; path = Info.plist; sourceTree = "<group>"; };
		BE6D139E20852F7500C9A6D4 /* PlayerAndRecorderViewModel.swift */ = {isa = PBXFileReference; fileEncoding = 4; lastKnownFileType = sourcecode.swift; path = PlayerAndRecorderViewModel.swift; sourceTree = "<group>"; };
		BE6D13B920852F9B00C9A6D4 /* SoundWave+Helpers.swift */ = {isa = PBXFileReference; fileEncoding = 4; lastKnownFileType = sourcecode.swift; path = "SoundWave+Helpers.swift"; sourceTree = "<group>"; };
		BE6D13BA20852F9B00C9A6D4 /* AudioErrorType.swift */ = {isa = PBXFileReference; fileEncoding = 4; lastKnownFileType = sourcecode.swift; path = AudioErrorType.swift; sourceTree = "<group>"; };
		BE6D13BB20852F9B00C9A6D4 /* AudioPlayerManager.swift */ = {isa = PBXFileReference; fileEncoding = 4; lastKnownFileType = sourcecode.swift; path = AudioPlayerManager.swift; sourceTree = "<group>"; };
		BE6D13BC20852F9B00C9A6D4 /* AudioRecorderManager.swift */ = {isa = PBXFileReference; fileEncoding = 4; lastKnownFileType = sourcecode.swift; path = AudioRecorderManager.swift; sourceTree = "<group>"; };
		BEA985702084CB570033F4DE /* recordingsTableView.swift */ = {isa = PBXFileReference; lastKnownFileType = sourcecode.swift; path = recordingsTableView.swift; sourceTree = "<group>"; };
		BEA985712084CB570033F4DE /* recordingsTableView.xib */ = {isa = PBXFileReference; lastKnownFileType = file.xib; path = recordingsTableView.xib; sourceTree = "<group>"; };
		BEA985742084D4980033F4DE /* Constants.swift */ = {isa = PBXFileReference; lastKnownFileType = sourcecode.swift; path = Constants.swift; sourceTree = "<group>"; };
		C6121DF71A6516389D5FDF3D /* Pods-BGRecordingTestApp.debug.xcconfig */ = {isa = PBXFileReference; includeInIndex = 1; lastKnownFileType = text.xcconfig; name = "Pods-BGRecordingTestApp.debug.xcconfig"; path = "Pods/Target Support Files/Pods-BGRecordingTestApp/Pods-BGRecordingTestApp.debug.xcconfig"; sourceTree = "<group>"; };
		D9F9C46BBE61386985F4CAE5 /* Pods_BGRecordingTestApp.framework */ = {isa = PBXFileReference; explicitFileType = wrapper.framework; includeInIndex = 0; path = Pods_BGRecordingTestApp.framework; sourceTree = BUILT_PRODUCTS_DIR; };
		F545393EB3DE5860FBFACA90 /* Pods-BGRecordingTestApp.release.xcconfig */ = {isa = PBXFileReference; includeInIndex = 1; lastKnownFileType = text.xcconfig; name = "Pods-BGRecordingTestApp.release.xcconfig"; path = "Pods/Target Support Files/Pods-BGRecordingTestApp/Pods-BGRecordingTestApp.release.xcconfig"; sourceTree = "<group>"; };
/* End PBXFileReference section */

/* Begin PBXFrameworksBuildPhase section */
		BE5F4A9020849F5400E1CAB5 /* Frameworks */ = {
			isa = PBXFrameworksBuildPhase;
			buildActionMask = 2147483647;
			files = (
				28901E05FA3F9D8238FFFC00 /* Pods_BGRecordingTestApp.framework in Frameworks */,
			);
			runOnlyForDeploymentPostprocessing = 0;
		};
/* End PBXFrameworksBuildPhase section */

/* Begin PBXGroup section */
		8E491813EE904BD6E5DFA5D7 /* Frameworks */ = {
			isa = PBXGroup;
			children = (
				D9F9C46BBE61386985F4CAE5 /* Pods_BGRecordingTestApp.framework */,
			);
			name = Frameworks;
			sourceTree = "<group>";
		};
		BE5F4A8A20849F5400E1CAB5 = {
			isa = PBXGroup;
			children = (
				BE5F4A9520849F5400E1CAB5 /* BGRecordingTestApp */,
				BE5F4A9420849F5400E1CAB5 /* Products */,
				EE8E22373A622F42AC248A77 /* Pods */,
				8E491813EE904BD6E5DFA5D7 /* Frameworks */,
			);
			sourceTree = "<group>";
		};
		BE5F4A9420849F5400E1CAB5 /* Products */ = {
			isa = PBXGroup;
			children = (
				BE5F4A9320849F5400E1CAB5 /* BGRecordingTestApp.app */,
			);
			name = Products;
			sourceTree = "<group>";
		};
		BE5F4A9520849F5400E1CAB5 /* BGRecordingTestApp */ = {
			isa = PBXGroup;
			children = (
				BE5F4A9620849F5400E1CAB5 /* AppDelegate.swift */,
				BE6D13C32085B7D300C9A6D4 /* RecView */,
				BE5F4A9820849F5400E1CAB5 /* ViewController.swift */,
				BE6D13C22085B7C300C9A6D4 /* Hellper */,
				BE5F4A9A20849F5400E1CAB5 /* Main.storyboard */,
				BE5F4A9D20849F5600E1CAB5 /* Assets.xcassets */,
				BE5F4A9F20849F5600E1CAB5 /* LaunchScreen.storyboard */,
				BE5F4AA220849F5600E1CAB5 /* Info.plist */,
				BEA985742084D4980033F4DE /* Constants.swift */,
			);
			path = BGRecordingTestApp;
			sourceTree = "<group>";
		};
		BE6D13C22085B7C300C9A6D4 /* Hellper */ = {
			isa = PBXGroup;
			children = (
				BE6D139E20852F7500C9A6D4 /* PlayerAndRecorderViewModel.swift */,
				BE6D13BA20852F9B00C9A6D4 /* AudioErrorType.swift */,
				BE6D13BB20852F9B00C9A6D4 /* AudioPlayerManager.swift */,
				BE6D13BC20852F9B00C9A6D4 /* AudioRecorderManager.swift */,
				BE6D13B920852F9B00C9A6D4 /* SoundWave+Helpers.swift */,
			);
			path = Hellper;
			sourceTree = "<group>";
		};
		BE6D13C32085B7D300C9A6D4 /* RecView */ = {
			isa = PBXGroup;
			children = (
				BEA985702084CB570033F4DE /* recordingsTableView.swift */,
				BEA985712084CB570033F4DE /* recordingsTableView.xib */,
			);
			path = RecView;
			sourceTree = "<group>";
		};
		EE8E22373A622F42AC248A77 /* Pods */ = {
			isa = PBXGroup;
			children = (
				C6121DF71A6516389D5FDF3D /* Pods-BGRecordingTestApp.debug.xcconfig */,
				F545393EB3DE5860FBFACA90 /* Pods-BGRecordingTestApp.release.xcconfig */,
			);
			name = Pods;
			sourceTree = "<group>";
		};
/* End PBXGroup section */

/* Begin PBXNativeTarget section */
		BE5F4A9220849F5400E1CAB5 /* BGRecordingTestApp */ = {
			isa = PBXNativeTarget;
			buildConfigurationList = BE5F4AA520849F5600E1CAB5 /* Build configuration list for PBXNativeTarget "BGRecordingTestApp" */;
			buildPhases = (
				8E522E3CD198D75C5358E843 /* [CP] Check Pods Manifest.lock */,
				BE5F4A8F20849F5400E1CAB5 /* Sources */,
				BE5F4A9020849F5400E1CAB5 /* Frameworks */,
				BE5F4A9120849F5400E1CAB5 /* Resources */,
				6A9DE49FC18E6FBB695FCF43 /* [CP] Embed Pods Frameworks */,
				48BC5AF5F089B09505B48AF8 /* [CP] Copy Pods Resources */,
				BE6D13C4208603C900C9A6D4 /* ShellScript */,
			);
			buildRules = (
			);
			dependencies = (
			);
			name = BGRecordingTestApp;
			productName = BGRecordingTestApp;
			productReference = BE5F4A9320849F5400E1CAB5 /* BGRecordingTestApp.app */;
			productType = "com.apple.product-type.application";
		};
/* End PBXNativeTarget section */

/* Begin PBXProject section */
		BE5F4A8B20849F5400E1CAB5 /* Project object */ = {
			isa = PBXProject;
			attributes = {
				LastSwiftUpdateCheck = 0930;
				LastUpgradeCheck = 0930;
				ORGANIZATIONNAME = "Jasmin Ceco";
				TargetAttributes = {
					BE5F4A9220849F5400E1CAB5 = {
						CreatedOnToolsVersion = 9.3;
						SystemCapabilities = {
							com.apple.BackgroundModes = {
								enabled = 1;
							};
						};
					};
				};
			};
			buildConfigurationList = BE5F4A8E20849F5400E1CAB5 /* Build configuration list for PBXProject "BGRecordingTestApp" */;
			compatibilityVersion = "Xcode 9.3";
			developmentRegion = en;
			hasScannedForEncodings = 0;
			knownRegions = (
				en,
				Base,
			);
			mainGroup = BE5F4A8A20849F5400E1CAB5;
			productRefGroup = BE5F4A9420849F5400E1CAB5 /* Products */;
			projectDirPath = "";
			projectRoot = "";
			targets = (
				BE5F4A9220849F5400E1CAB5 /* BGRecordingTestApp */,
			);
		};
/* End PBXProject section */

/* Begin PBXResourcesBuildPhase section */
		BE5F4A9120849F5400E1CAB5 /* Resources */ = {
			isa = PBXResourcesBuildPhase;
			buildActionMask = 2147483647;
			files = (
				BE5F4AA120849F5600E1CAB5 /* LaunchScreen.storyboard in Resources */,
				BE5F4A9E20849F5600E1CAB5 /* Assets.xcassets in Resources */,
				BE5F4A9C20849F5400E1CAB5 /* Main.storyboard in Resources */,
				BEA985732084CB570033F4DE /* recordingsTableView.xib in Resources */,
			);
			runOnlyForDeploymentPostprocessing = 0;
		};
/* End PBXResourcesBuildPhase section */

/* Begin PBXShellScriptBuildPhase section */
		48BC5AF5F089B09505B48AF8 /* [CP] Copy Pods Resources */ = {
			isa = PBXShellScriptBuildPhase;
			buildActionMask = 2147483647;
			files = (
			);
			inputPaths = (
			);
			name = "[CP] Copy Pods Resources";
			outputPaths = (
			);
			runOnlyForDeploymentPostprocessing = 0;
			shellPath = /bin/sh;
			shellScript = "\"${SRCROOT}/Pods/Target Support Files/Pods-BGRecordingTestApp/Pods-BGRecordingTestApp-resources.sh\"\n";
			showEnvVarsInLog = 0;
		};
		6A9DE49FC18E6FBB695FCF43 /* [CP] Embed Pods Frameworks */ = {
			isa = PBXShellScriptBuildPhase;
			buildActionMask = 2147483647;
			files = (
			);
			inputPaths = (
				"${SRCROOT}/Pods/Target Support Files/Pods-BGRecordingTestApp/Pods-BGRecordingTestApp-frameworks.sh",
				"${BUILT_PRODUCTS_DIR}/SoundWave/SoundWave.framework",
			);
			name = "[CP] Embed Pods Frameworks";
			outputPaths = (
				"${TARGET_BUILD_DIR}/${FRAMEWORKS_FOLDER_PATH}/SoundWave.framework",
			);
			runOnlyForDeploymentPostprocessing = 0;
			shellPath = /bin/sh;
			shellScript = "\"${SRCROOT}/Pods/Target Support Files/Pods-BGRecordingTestApp/Pods-BGRecordingTestApp-frameworks.sh\"\n";
			showEnvVarsInLog = 0;
		};
		8E522E3CD198D75C5358E843 /* [CP] Check Pods Manifest.lock */ = {
			isa = PBXShellScriptBuildPhase;
			buildActionMask = 2147483647;
			files = (
			);
			inputPaths = (
				"${PODS_PODFILE_DIR_PATH}/Podfile.lock",
				"${PODS_ROOT}/Manifest.lock",
			);
			name = "[CP] Check Pods Manifest.lock";
			outputPaths = (
				"$(DERIVED_FILE_DIR)/Pods-BGRecordingTestApp-checkManifestLockResult.txt",
			);
			runOnlyForDeploymentPostprocessing = 0;
			shellPath = /bin/sh;
			shellScript = "diff \"${PODS_PODFILE_DIR_PATH}/Podfile.lock\" \"${PODS_ROOT}/Manifest.lock\" > /dev/null\nif [ $? != 0 ] ; then\n    # print error to STDERR\n    echo \"error: The sandbox is not in sync with the Podfile.lock. Run 'pod install' or update your CocoaPods installation.\" >&2\n    exit 1\nfi\n# This output is used by Xcode 'outputs' to avoid re-running this script phase.\necho \"SUCCESS\" > \"${SCRIPT_OUTPUT_FILE_0}\"\n";
			showEnvVarsInLog = 0;
		};
		BE6D13C4208603C900C9A6D4 /* ShellScript */ = {
			isa = PBXShellScriptBuildPhase;
			buildActionMask = 2147483647;
			files = (
			);
			inputPaths = (
			);
			outputPaths = (
			);
			runOnlyForDeploymentPostprocessing = 0;
			shellPath = /bin/sh;
			shellScript = "\"${PODS_ROOT}/Fabric/run\" ce3f596bc92429f200937abd84f549c809ce2b50 bb5ff03894ff1eb9a0839f96407df29113d458e9e48c2ec12e17ca1f2eeab86d";
		};
/* End PBXShellScriptBuildPhase section */

/* Begin PBXSourcesBuildPhase section */
		BE5F4A8F20849F5400E1CAB5 /* Sources */ = {
			isa = PBXSourcesBuildPhase;
			buildActionMask = 2147483647;
			files = (
				BE6D13BD20852F9B00C9A6D4 /* SoundWave+Helpers.swift in Sources */,
				BE6D139F20852F7500C9A6D4 /* PlayerAndRecorderViewModel.swift in Sources */,
				BE5F4A9920849F5400E1CAB5 /* ViewController.swift in Sources */,
				BE5F4A9720849F5400E1CAB5 /* AppDelegate.swift in Sources */,
				BE6D13C020852F9B00C9A6D4 /* AudioRecorderManager.swift in Sources */,
				BE6D13BE20852F9B00C9A6D4 /* AudioErrorType.swift in Sources */,
				BE6D13BF20852F9B00C9A6D4 /* AudioPlayerManager.swift in Sources */,
				BEA985722084CB570033F4DE /* recordingsTableView.swift in Sources */,
				BEA985752084D4980033F4DE /* Constants.swift in Sources */,
			);
			runOnlyForDeploymentPostprocessing = 0;
		};
/* End PBXSourcesBuildPhase section */

/* Begin PBXVariantGroup section */
		BE5F4A9A20849F5400E1CAB5 /* Main.storyboard */ = {
			isa = PBXVariantGroup;
			children = (
				BE5F4A9B20849F5400E1CAB5 /* Base */,
			);
			name = Main.storyboard;
			sourceTree = "<group>";
		};
		BE5F4A9F20849F5600E1CAB5 /* LaunchScreen.storyboard */ = {
			isa = PBXVariantGroup;
			children = (
				BE5F4AA020849F5600E1CAB5 /* Base */,
			);
			name = LaunchScreen.storyboard;
			sourceTree = "<group>";
		};
/* End PBXVariantGroup section */

/* Begin XCBuildConfiguration section */
		BE5F4AA320849F5600E1CAB5 /* Debug */ = {
			isa = XCBuildConfiguration;
			buildSettings = {
				ALWAYS_SEARCH_USER_PATHS = NO;
				CLANG_ANALYZER_NONNULL = YES;
				CLANG_ANALYZER_NUMBER_OBJECT_CONVERSION = YES_AGGRESSIVE;
				CLANG_CXX_LANGUAGE_STANDARD = "gnu++14";
				CLANG_CXX_LIBRARY = "libc++";
				CLANG_ENABLE_MODULES = YES;
				CLANG_ENABLE_OBJC_ARC = YES;
				CLANG_ENABLE_OBJC_WEAK = YES;
				CLANG_WARN_BLOCK_CAPTURE_AUTORELEASING = YES;
				CLANG_WARN_BOOL_CONVERSION = YES;
				CLANG_WARN_COMMA = YES;
				CLANG_WARN_CONSTANT_CONVERSION = YES;
				CLANG_WARN_DEPRECATED_OBJC_IMPLEMENTATIONS = YES;
				CLANG_WARN_DIRECT_OBJC_ISA_USAGE = YES_ERROR;
				CLANG_WARN_DOCUMENTATION_COMMENTS = YES;
				CLANG_WARN_EMPTY_BODY = YES;
				CLANG_WARN_ENUM_CONVERSION = YES;
				CLANG_WARN_INFINITE_RECURSION = YES;
				CLANG_WARN_INT_CONVERSION = YES;
				CLANG_WARN_NON_LITERAL_NULL_CONVERSION = YES;
				CLANG_WARN_OBJC_IMPLICIT_RETAIN_SELF = YES;
				CLANG_WARN_OBJC_LITERAL_CONVERSION = YES;
				CLANG_WARN_OBJC_ROOT_CLASS = YES_ERROR;
				CLANG_WARN_RANGE_LOOP_ANALYSIS = YES;
				CLANG_WARN_STRICT_PROTOTYPES = YES;
				CLANG_WARN_SUSPICIOUS_MOVE = YES;
				CLANG_WARN_UNGUARDED_AVAILABILITY = YES_AGGRESSIVE;
				CLANG_WARN_UNREACHABLE_CODE = YES;
				CLANG_WARN__DUPLICATE_METHOD_MATCH = YES;
				CODE_SIGN_IDENTITY = "iPhone Developer";
				COPY_PHASE_STRIP = NO;
				DEBUG_INFORMATION_FORMAT = dwarf;
				ENABLE_STRICT_OBJC_MSGSEND = YES;
				ENABLE_TESTABILITY = YES;
				GCC_C_LANGUAGE_STANDARD = gnu11;
				GCC_DYNAMIC_NO_PIC = NO;
				GCC_NO_COMMON_BLOCKS = YES;
				GCC_OPTIMIZATION_LEVEL = 0;
				GCC_PREPROCESSOR_DEFINITIONS = (
					"DEBUG=1",
					"$(inherited)",
				);
				GCC_WARN_64_TO_32_BIT_CONVERSION = YES;
				GCC_WARN_ABOUT_RETURN_TYPE = YES_ERROR;
				GCC_WARN_UNDECLARED_SELECTOR = YES;
				GCC_WARN_UNINITIALIZED_AUTOS = YES_AGGRESSIVE;
				GCC_WARN_UNUSED_FUNCTION = YES;
				GCC_WARN_UNUSED_VARIABLE = YES;
				IPHONEOS_DEPLOYMENT_TARGET = 11.3;
				MTL_ENABLE_DEBUG_INFO = YES;
				ONLY_ACTIVE_ARCH = YES;
				SDKROOT = iphoneos;
				SWIFT_ACTIVE_COMPILATION_CONDITIONS = DEBUG;
				SWIFT_OPTIMIZATION_LEVEL = "-Onone";
			};
			name = Debug;
		};
		BE5F4AA420849F5600E1CAB5 /* Release */ = {
			isa = XCBuildConfiguration;
			buildSettings = {
				ALWAYS_SEARCH_USER_PATHS = NO;
				CLANG_ANALYZER_NONNULL = YES;
				CLANG_ANALYZER_NUMBER_OBJECT_CONVERSION = YES_AGGRESSIVE;
				CLANG_CXX_LANGUAGE_STANDARD = "gnu++14";
				CLANG_CXX_LIBRARY = "libc++";
				CLANG_ENABLE_MODULES = YES;
				CLANG_ENABLE_OBJC_ARC = YES;
				CLANG_ENABLE_OBJC_WEAK = YES;
				CLANG_WARN_BLOCK_CAPTURE_AUTORELEASING = YES;
				CLANG_WARN_BOOL_CONVERSION = YES;
				CLANG_WARN_COMMA = YES;
				CLANG_WARN_CONSTANT_CONVERSION = YES;
				CLANG_WARN_DEPRECATED_OBJC_IMPLEMENTATIONS = YES;
				CLANG_WARN_DIRECT_OBJC_ISA_USAGE = YES_ERROR;
				CLANG_WARN_DOCUMENTATION_COMMENTS = YES;
				CLANG_WARN_EMPTY_BODY = YES;
				CLANG_WARN_ENUM_CONVERSION = YES;
				CLANG_WARN_INFINITE_RECURSION = YES;
				CLANG_WARN_INT_CONVERSION = YES;
				CLANG_WARN_NON_LITERAL_NULL_CONVERSION = YES;
				CLANG_WARN_OBJC_IMPLICIT_RETAIN_SELF = YES;
				CLANG_WARN_OBJC_LITERAL_CONVERSION = YES;
				CLANG_WARN_OBJC_ROOT_CLASS = YES_ERROR;
				CLANG_WARN_RANGE_LOOP_ANALYSIS = YES;
				CLANG_WARN_STRICT_PROTOTYPES = YES;
				CLANG_WARN_SUSPICIOUS_MOVE = YES;
				CLANG_WARN_UNGUARDED_AVAILABILITY = YES_AGGRESSIVE;
				CLANG_WARN_UNREACHABLE_CODE = YES;
				CLANG_WARN__DUPLICATE_METHOD_MATCH = YES;
				CODE_SIGN_IDENTITY = "iPhone Developer";
				COPY_PHASE_STRIP = NO;
				DEBUG_INFORMATION_FORMAT = "dwarf-with-dsym";
				ENABLE_NS_ASSERTIONS = NO;
				ENABLE_STRICT_OBJC_MSGSEND = YES;
				GCC_C_LANGUAGE_STANDARD = gnu11;
				GCC_NO_COMMON_BLOCKS = YES;
				GCC_WARN_64_TO_32_BIT_CONVERSION = YES;
				GCC_WARN_ABOUT_RETURN_TYPE = YES_ERROR;
				GCC_WARN_UNDECLARED_SELECTOR = YES;
				GCC_WARN_UNINITIALIZED_AUTOS = YES_AGGRESSIVE;
				GCC_WARN_UNUSED_FUNCTION = YES;
				GCC_WARN_UNUSED_VARIABLE = YES;
				IPHONEOS_DEPLOYMENT_TARGET = 11.3;
				MTL_ENABLE_DEBUG_INFO = NO;
				SDKROOT = iphoneos;
				SWIFT_COMPILATION_MODE = wholemodule;
				SWIFT_OPTIMIZATION_LEVEL = "-O";
				VALIDATE_PRODUCT = YES;
			};
			name = Release;
		};
		BE5F4AA620849F5600E1CAB5 /* Debug */ = {
			isa = XCBuildConfiguration;
			baseConfigurationReference = C6121DF71A6516389D5FDF3D /* Pods-BGRecordingTestApp.debug.xcconfig */;
			buildSettings = {
				ASSETCATALOG_COMPILER_APPICON_NAME = AppIcon;
				CODE_SIGN_STYLE = Automatic;
				CURRENT_PROJECT_VERSION = 17;
				DEVELOPMENT_TEAM = HMQALEF4UR;
				INFOPLIST_FILE = BGRecordingTestApp/Info.plist;
				IPHONEOS_DEPLOYMENT_TARGET = 10.3;
				LD_RUNPATH_SEARCH_PATHS = (
					"$(inherited)",
					"@executable_path/Frameworks",
				);
				PRODUCT_BUNDLE_IDENTIFIER = com.comtrade.BGRecordingTestApp;
				PRODUCT_NAME = "$(TARGET_NAME)";
				SWIFT_VERSION = 4.0;
				TARGETED_DEVICE_FAMILY = "1,2";
				VERSIONING_SYSTEM = "apple-generic";
			};
			name = Debug;
		};
		BE5F4AA720849F5600E1CAB5 /* Release */ = {
			isa = XCBuildConfiguration;
			baseConfigurationReference = F545393EB3DE5860FBFACA90 /* Pods-BGRecordingTestApp.release.xcconfig */;
			buildSettings = {
				ASSETCATALOG_COMPILER_APPICON_NAME = AppIcon;
				CODE_SIGN_STYLE = Automatic;
				CURRENT_PROJECT_VERSION = 17;
				DEVELOPMENT_TEAM = HMQALEF4UR;
				INFOPLIST_FILE = BGRecordingTestApp/Info.plist;
				IPHONEOS_DEPLOYMENT_TARGET = 10.3;
				LD_RUNPATH_SEARCH_PATHS = (
					"$(inherited)",
					"@executable_path/Frameworks",
				);
				PRODUCT_BUNDLE_IDENTIFIER = com.comtrade.BGRecordingTestApp;
				PRODUCT_NAME = "$(TARGET_NAME)";
				SWIFT_VERSION = 4.0;
				TARGETED_DEVICE_FAMILY = "1,2";
				VERSIONING_SYSTEM = "apple-generic";
			};
			name = Release;
		};
/* End XCBuildConfiguration section */

/* Begin XCConfigurationList section */
		BE5F4A8E20849F5400E1CAB5 /* Build configuration list for PBXProject "BGRecordingTestApp" */ = {
			isa = XCConfigurationList;
			buildConfigurations = (
				BE5F4AA320849F5600E1CAB5 /* Debug */,
				BE5F4AA420849F5600E1CAB5 /* Release */,
			);
			defaultConfigurationIsVisible = 0;
			defaultConfigurationName = Release;
		};
		BE5F4AA520849F5600E1CAB5 /* Build configuration list for PBXNativeTarget "BGRecordingTestApp" */ = {
			isa = XCConfigurationList;
			buildConfigurations = (
				BE5F4AA620849F5600E1CAB5 /* Debug */,
				BE5F4AA720849F5600E1CAB5 /* Release */,
			);
			defaultConfigurationIsVisible = 0;
			defaultConfigurationName = Release;
		};
/* End XCConfigurationList section */
	};
	rootObject = BE5F4A8B20849F5400E1CAB5 /* Project object */;
}
